
Microsoft Visual Studio Solution File, Format Version 11.00
# Visual Studio 2010
Project("{FAE04EC0-301F-11D3-BF4B-00C04F79EFBC}") = "Faker.WP7", "src\Faker.WP7\Faker.WP7.csproj", "{B65C5636-2CC4-4507-9F77-70E6EB274798}"
EndProject
Global
	GlobalSection(SolutionConfigurationPlatforms) = preSolution
		Debug|Any CPU = Debug|Any CPU
		Release|Any CPU = Release|Any CPU
	EndGlobalSection
	GlobalSection(ProjectConfigurationPlatforms) = postSolution
		{B65C5636-2CC4-4507-9F77-70E6EB274798}.Debug|Any CPU.ActiveCfg = Debug|Any CPU
		{B65C5636-2CC4-4507-9F77-70E6EB274798}.Debug|Any CPU.Build.0 = Debug|Any CPU
		{B65C5636-2CC4-4507-9F77-70E6EB274798}.Release|Any CPU.ActiveCfg = Release|Any CPU
		{B65C5636-2CC4-4507-9F77-70E6EB274798}.Release|Any CPU.Build.0 = Release|Any CPU
	EndGlobalSection
	GlobalSection(SolutionProperties) = preSolution
		HideSolutionNode = FALSE
	EndGlobalSection
EndGlobal
