
Microsoft Visual Studio Solution File, Format Version 11.00
# Visual Studio 2010
Project("{FAE04EC0-301F-11D3-BF4B-00C04F79EFBC}") = "Faker (SL4)", "src\Faker.SL4\Faker (SL4).csproj", "{D7B9A874-2C45-4748-B990-73647C327249}"
EndProject
Global
	GlobalSection(SolutionConfigurationPlatforms) = preSolution
		Debug|Any CPU = Debug|Any CPU
		Release|Any CPU = Release|Any CPU
	EndGlobalSection
	GlobalSection(ProjectConfigurationPlatforms) = postSolution
		{D7B9A874-2C45-4748-B990-73647C327249}.Debug|Any CPU.ActiveCfg = Debug|Any CPU
		{D7B9A874-2C45-4748-B990-73647C327249}.Debug|Any CPU.Build.0 = Debug|Any CPU
		{D7B9A874-2C45-4748-B990-73647C327249}.Release|Any CPU.ActiveCfg = Release|Any CPU
		{D7B9A874-2C45-4748-B990-73647C327249}.Release|Any CPU.Build.0 = Release|Any CPU
	EndGlobalSection
	GlobalSection(SolutionProperties) = preSolution
		HideSolutionNode = FALSE
	EndGlobalSection
EndGlobal
