
Microsoft Visual Studio Solution File, Format Version 11.00
# Visual Studio 2010
Project("{FAE04EC0-301F-11D3-BF4B-00C04F79EFBC}") = "Faker (WP71)", "src\Faker.WP71\Faker (WP71).csproj", "{B6F8E8FE-3643-4AB1-9319-EB9330D3DC7E}"
EndProject
Global
	GlobalSection(SolutionConfigurationPlatforms) = preSolution
		Debug|Any CPU = Debug|Any CPU
		Release|Any CPU = Release|Any CPU
	EndGlobalSection
	GlobalSection(ProjectConfigurationPlatforms) = postSolution
		{B6F8E8FE-3643-4AB1-9319-EB9330D3DC7E}.Debug|Any CPU.ActiveCfg = Debug|Any CPU
		{B6F8E8FE-3643-4AB1-9319-EB9330D3DC7E}.Debug|Any CPU.Build.0 = Debug|Any CPU
		{B6F8E8FE-3643-4AB1-9319-EB9330D3DC7E}.Release|Any CPU.ActiveCfg = Release|Any CPU
		{B6F8E8FE-3643-4AB1-9319-EB9330D3DC7E}.Release|Any CPU.Build.0 = Release|Any CPU
	EndGlobalSection
	GlobalSection(SolutionProperties) = preSolution
		HideSolutionNode = FALSE
	EndGlobalSection
EndGlobal
