
Microsoft Visual Studio Solution File, Format Version 11.00
# Visual Studio 2010
Project("{FAE04EC0-301F-11D3-BF4B-00C04F79EFBC}") = "Faker.NET4", "src\Faker.NET4\Faker.NET4.csproj", "{FFB599BB-8FCA-4A01-A159-4D764A33E755}"
EndProject
Global
	GlobalSection(SolutionConfigurationPlatforms) = preSolution
		Debug|Any CPU = Debug|Any CPU
		Release|Any CPU = Release|Any CPU
	EndGlobalSection
	GlobalSection(ProjectConfigurationPlatforms) = postSolution
		{FFB599BB-8FCA-4A01-A159-4D764A33E755}.Debug|Any CPU.ActiveCfg = Debug|Any CPU
		{FFB599BB-8FCA-4A01-A159-4D764A33E755}.Debug|Any CPU.Build.0 = Debug|Any CPU
		{FFB599BB-8FCA-4A01-A159-4D764A33E755}.Release|Any CPU.ActiveCfg = Release|Any CPU
		{FFB599BB-8FCA-4A01-A159-4D764A33E755}.Release|Any CPU.Build.0 = Release|Any CPU
	EndGlobalSection
	GlobalSection(SolutionProperties) = preSolution
		HideSolutionNode = FALSE
	EndGlobalSection
EndGlobal
